<?xml version="1.0" encoding="utf-8"?>
<Project ToolsVersion="4.0" xmlns="http://schemas.microsoft.com/developer/msbuild/2003">
  <ItemGroup>
    <Filter Include="Kernel">
      <UniqueIdentifier>{d964fb05-c73c-4c85-a9fd-8165af6da6f9}</UniqueIdentifier>
    </Filter>
  </ItemGroup>
  <ItemGroup>
    <ClCompile Include="stdafx.cpp">
      <Filter>Kernel</Filter>
    </ClCompile>
    <ClCompile Include="xrRender_console.cpp">
      <Filter>Kernel</Filter>
    </ClCompile>
    <ClCompile Include="xrRender_console_cmd.cpp">
      <Filter>Kernel</Filter>
    </ClCompile>
  </ItemGroup>
  <ItemGroup>
    <ClInclude Include="stdafx.h">
      <Filter>Kernel</Filter>
    </ClInclude>
    <ClInclude Include="xrRender_console.h">
      <Filter>Kernel</Filter>
    </ClInclude>
    <ClInclude Include="xrRender_console_cmd.hpp">
      <Filter>Kernel</Filter>
    </ClInclude>
  </ItemGroup>
</Project>