<?xml version="1.0" encoding="utf-8"?>
<Project ToolsVersion="4.0" xmlns="http://schemas.microsoft.com/developer/msbuild/2003">
  <ItemGroup>
    <Filter Include="Kernel">
      <UniqueIdentifier>{f0f9ce2b-f376-498f-a3fd-c1cf3fe8bcfa}</UniqueIdentifier>
    </Filter>
  </ItemGroup>
  <ItemGroup>
    <ClCompile Include="cl_raypick.cpp">
      <Filter>Kernel</Filter>
    </ClCompile>
    <ClCompile Include="Frustum.cpp">
      <Filter>Kernel</Filter>
    </ClCompile>
    <ClCompile Include="StdAfx.cpp">
      <Filter>Kernel</Filter>
    </ClCompile>
    <ClCompile Include="xrCDB.cpp">
      <Filter>Kernel</Filter>
    </ClCompile>
    <ClCompile Include="xrCDB_box.cpp">
      <Filter>Kernel</Filter>
    </ClCompile>
    <ClCompile Include="xrCDB_Collector.cpp">
      <Filter>Kernel</Filter>
    </ClCompile>
    <ClCompile Include="xrCDB_frustum.cpp">
      <Filter>Kernel</Filter>
    </ClCompile>
    <ClCompile Include="xrCDB_ray.cpp">
      <Filter>Kernel</Filter>
    </ClCompile>
  </ItemGroup>
  <ItemGroup>
    <ClInclude Include="Frustum.h">
      <Filter>Kernel</Filter>
    </ClInclude>
    <ClInclude Include="StdAfx.h">
      <Filter>Kernel</Filter>
    </ClInclude>
    <ClInclude Include="xrCDB.h">
      <Filter>Kernel</Filter>
    </ClInclude>
  </ItemGroup>
</Project>