<?xml version="1.0" encoding="utf-8"?>
<Project ToolsVersion="4.0" xmlns="http://schemas.microsoft.com/developer/msbuild/2003">
  <ItemGroup>
    <Filter Include="Source Files">
      <UniqueIdentifier>{4FC737F1-C7A5-4376-A066-2A32D752A2FF}</UniqueIdentifier>
      <Extensions>cpp;c;cxx;def;odl;idl;hpj;bat;asm;asmx</Extensions>
    </Filter>
    <Filter Include="Header Files">
      <UniqueIdentifier>{93995380-89BD-4b04-88EB-625FBE52EBFB}</UniqueIdentifier>
      <Extensions>h;hpp;hxx;hm;inl;inc;xsd</Extensions>
    </Filter>
    <Filter Include="Resource Files">
      <UniqueIdentifier>{67DA6AB6-F800-4c08-8B7A-83BB121AAD01}</UniqueIdentifier>
      <Extensions>rc;ico;cur;bmp;dlg;rc2;rct;bin;rgs;gif;jpg;jpeg;jpe;resx</Extensions>
    </Filter>
    <Filter Include="GameSpy">
      <UniqueIdentifier>{58e165f0-b6f8-4d47-955f-a7c450cf227a}</UniqueIdentifier>
    </Filter>
    <Filter Include="xrGameSpy_ServerBrowser">
      <UniqueIdentifier>{aba39d91-5c03-4190-bc85-a7e94deec932}</UniqueIdentifier>
    </Filter>
    <Filter Include="xrGameSpy_Available">
      <UniqueIdentifier>{5b4a0622-47c8-44d4-870e-51c6240bff91}</UniqueIdentifier>
    </Filter>
    <Filter Include="xrGameSpy_QR2">
      <UniqueIdentifier>{42d7d888-7526-435e-b29b-e5f8af8af78d}</UniqueIdentifier>
    </Filter>
    <Filter Include="xrGameSpy_CDKey">
      <UniqueIdentifier>{387455d1-5331-404d-8544-75d86b080998}</UniqueIdentifier>
    </Filter>
    <Filter Include="xrGameSpy_Patching">
      <UniqueIdentifier>{5aed4cf3-5705-4cb0-9c7e-6e65b935129d}</UniqueIdentifier>
    </Filter>
    <Filter Include="xrGameSpy_HTTP">
      <UniqueIdentifier>{56d5e00b-2ab7-4625-92ed-6631158adfcf}</UniqueIdentifier>
    </Filter>
  </ItemGroup>
  <ItemGroup>
    <ClCompile Include="DistributionFunc.cpp">
      <Filter>Source Files</Filter>
    </ClCompile>
    <ClCompile Include="stdafx.cpp">
      <Filter>Source Files</Filter>
    </ClCompile>
    <ClCompile Include="xrGameSpy.cpp">
      <Filter>Source Files</Filter>
    </ClCompile>
    <ClCompile Include="xrGameSpy_ServerBrowser.cpp">
      <Filter>xrGameSpy_ServerBrowser</Filter>
    </ClCompile>
    <ClCompile Include="xrGameSpy_Available.cpp">
      <Filter>xrGameSpy_Available</Filter>
    </ClCompile>
    <ClCompile Include="xrGameSpy_QR2.cpp">
      <Filter>xrGameSpy_QR2</Filter>
    </ClCompile>
    <ClCompile Include="xrGameSpy_CDKey.cpp">
      <Filter>xrGameSpy_CDKey</Filter>
    </ClCompile>
    <ClCompile Include="xrGameSpy_Patching.cpp">
      <Filter>xrGameSpy_Patching</Filter>
    </ClCompile>
    <ClCompile Include="xrGameSpy_HTTP.cpp">
      <Filter>xrGameSpy_HTTP</Filter>
    </ClCompile>
  </ItemGroup>
  <ItemGroup>
    <ClInclude Include="stdafx.h">
      <Filter>Header Files</Filter>
    </ClInclude>
    <ClInclude Include="xrGameSpy.h">
      <Filter>Header Files</Filter>
    </ClInclude>
    <ClInclude Include="xrGameSpy_MainDefs.h">
      <Filter>Header Files</Filter>
    </ClInclude>
    <ClInclude Include="xrGameSpy_ServerBrowser.h">
      <Filter>xrGameSpy_ServerBrowser</Filter>
    </ClInclude>
    <ClInclude Include="xrGameSpy_Available.h">
      <Filter>xrGameSpy_Available</Filter>
    </ClInclude>
    <ClInclude Include="xrGameSpy_QR2.h">
      <Filter>xrGameSpy_QR2</Filter>
    </ClInclude>
    <ClInclude Include="xrGameSpy_CDKey.h">
      <Filter>xrGameSpy_CDKey</Filter>
    </ClInclude>
    <ClInclude Include="xrGameSpy_Patching.h">
      <Filter>xrGameSpy_Patching</Filter>
    </ClInclude>
    <ClInclude Include="xrGameSpy_HTTP.h">
      <Filter>xrGameSpy_HTTP</Filter>
    </ClInclude>
  </ItemGroup>
  <ItemGroup>
    <Text Include="ReadMe.txt" />
  </ItemGroup>
</Project>